// !$*UTF8*$!
{
	archiveVersion = 1;
	classes = {
	};
	objectVersion = 46;
	objects = {

/* Begin PBXBuildFile section */
		EAC3E3631C32545900016167 /* AppDelegate.swift in Sources */ = {isa = PBXBuildFile; fileRef = EAC3E3621C32545900016167 /* AppDelegate.swift */; };
		EAC3E3651C32545900016167 /* ViewController.swift in Sources */ = {isa = PBXBuildFile; fileRef = EAC3E3641C32545900016167 /* ViewController.swift */; };
		EAC3E3681C32545900016167 /* Main.storyboard in Resources */ = {isa = PBXBuildFile; fileRef = EAC3E3661C32545900016167 /* Main.storyboard */; };
		EAC3E36A1C32545900016167 /* Assets.xcassets in Resources */ = {isa = PBXBuildFile; fileRef = EAC3E3691C32545900016167 /* Assets.xcassets */; };
		EAC3E36D1C32545900016167 /* LaunchScreen.storyboard in Resources */ = {isa = PBXBuildFile; fileRef = EAC3E36B1C32545900016167 /* LaunchScreen.storyboard */; };
		EAC3E3761C3254D000016167 /* leftTrack.png in Resources */ = {isa = PBXBuildFile; fileRef = EAC3E3741C3254D000016167 /* leftTrack.png */; };
		EAC3E3771C3254D000016167 /* rightTrack.png in Resources */ = {isa = PBXBuildFile; fileRef = EAC3E3751C3254D000016167 /* rightTrack.png */; };
		EAC3E3791C3254E100016167 /* thumbImage.png in Resources */ = {isa = PBXBuildFile; fileRef = EAC3E3781C3254E100016167 /* thumbImage.png */; };
		EAC3E5461C34116C00016167 /* maximumTrackImage.png in Resources */ = {isa = PBXBuildFile; fileRef = EAC3E5441C34116C00016167 /* maximumTrackImage.png */; };
		EAC3E5471C34116C00016167 /* minimumTrackImage.png in Resources */ = {isa = PBXBuildFile; fileRef = EAC3E5451C34116C00016167 /* minimumTrackImage.png */; };
/* End PBXBuildFile section */

/* Begin PBXFileReference section */
		EAC3E35F1C32545900016167 /* UISliderControllerTest.app */ = {isa = PBXFileReference; explicitFileType = wrapper.application; includeInIndex = 0; path = UISliderControllerTest.app; sourceTree = BUILT_PRODUCTS_DIR; };
		EAC3E3621C32545900016167 /* AppDelegate.swift */ = {isa = PBXFileReference; lastKnownFileType = sourcecode.swift; path = AppDelegate.swift; sourceTree = "<group>"; };
		EAC3E3641C32545900016167 /* ViewController.swift */ = {isa = PBXFileReference; lastKnownFileType = sourcecode.swift; path = ViewController.swift; sourceTree = "<group>"; };
		EAC3E3671C32545900016167 /* Base */ = {isa = PBXFileReference; lastKnownFileType = file.storyboard; name = Base; path = Base.lproj/Main.storyboard; sourceTree = "<group>"; };
		EAC3E3691C32545900016167 /* Assets.xcassets */ = {isa = PBXFileReference; lastKnownFileType = folder.assetcatalog; path = Assets.xcassets; sourceTree = "<group>"; };
		EAC3E36C1C32545900016167 /* Base */ = {isa = PBXFileReference; lastKnownFileType = file.storyboard; name = Base; path = Base.lproj/LaunchScreen.storyboard; sourceTree = "<group>"; };
		EAC3E36E1C32545900016167 /* Info.plist */ = {isa = PBXFileReference; lastKnownFileType = text.plist.xml; path = Info.plist; sourceTree = "<group>"; };
		EAC3E3741C3254D000016167 /* leftTrack.png */ = {isa = PBXFileReference; lastKnownFileType = image.png; path = leftTrack.png; sourceTree = "<group>"; };
		EAC3E3751C3254D000016167 /* rightTrack.png */ = {isa = PBXFileReference; lastKnownFileType = image.png; path = rightTrack.png; sourceTree = "<group>"; };
		EAC3E3781C3254E100016167 /* thumbImage.png */ = {isa = PBXFileReference; lastKnownFileType = image.png; path = thumbImage.png; sourceTree = "<group>"; };
		EAC3E5441C34116C00016167 /* maximumTrackImage.png */ = {isa = PBXFileReference; lastKnownFileType = image.png; path = maximumTrackImage.png; sourceTree = "<group>"; };
		EAC3E5451C34116C00016167 /* minimumTrackImage.png */ = {isa = PBXFileReference; lastKnownFileType = image.png; path = minimumTrackImage.png; sourceTree = "<group>"; };
/* End PBXFileReference section */

/* Begin PBXFrameworksBuildPhase section */
		EAC3E35C1C32545900016167 /* Frameworks */ = {
			isa = PBXFrameworksBuildPhase;
			buildActionMask = 2147483647;
			files = (
			);
			runOnlyForDeploymentPostprocessing = 0;
		};
/* End PBXFrameworksBuildPhase section */

/* Begin PBXGroup section */
		EAC3E3561C32545900016167 = {
			isa = PBXGroup;
			children = (
				EAC3E3611C32545900016167 /* UISliderControllerTest */,
				EAC3E3601C32545900016167 /* Products */,
			);
			sourceTree = "<group>";
		};
		EAC3E3601C32545900016167 /* Products */ = {
			isa = PBXGroup;
			children = (
				EAC3E35F1C32545900016167 /* UISliderControllerTest.app */,
			);
			name = Products;
			sourceTree = "<group>";
		};
		EAC3E3611C32545900016167 /* UISliderControllerTest */ = {
			isa = PBXGroup;
			children = (
				EAC3E5441C34116C00016167 /* maximumTrackImage.png */,
				EAC3E5451C34116C00016167 /* minimumTrackImage.png */,
				EAC3E3741C3254D000016167 /* leftTrack.png */,
				EAC3E3751C3254D000016167 /* rightTrack.png */,
				EAC3E3781C3254E100016167 /* thumbImage.png */,
				EAC3E3621C32545900016167 /* AppDelegate.swift */,
				EAC3E3641C32545900016167 /* ViewController.swift */,
				EAC3E3661C32545900016167 /* Main.storyboard */,
				EAC3E3691C32545900016167 /* Assets.xcassets */,
				EAC3E36B1C32545900016167 /* LaunchScreen.storyboard */,
				EAC3E36E1C32545900016167 /* Info.plist */,
			);
			path = UISliderControllerTest;
			sourceTree = "<group>";
		};
/* End PBXGroup section */

/* Begin PBXNativeTarget section */
		EAC3E35E1C32545900016167 /* UISliderControllerTest */ = {
			isa = PBXNativeTarget;
			buildConfigurationList = EAC3E3711C32545900016167 /* Build configuration list for PBXNativeTarget "UISliderControllerTest" */;
			buildPhases = (
				EAC3E35B1C32545900016167 /* Sources */,
				EAC3E35C1C32545900016167 /* Frameworks */,
				EAC3E35D1C32545900016167 /* Resources */,
			);
			buildRules = (
			);
			dependencies = (
			);
			name = UISliderControllerTest;
			productName = UISliderControllerTest;
			productReference = EAC3E35F1C32545900016167 /* UISliderControllerTest.app */;
			productType = "com.apple.product-type.application";
		};
/* End PBXNativeTarget section */

/* Begin PBXProject section */
		EAC3E3571C32545900016167 /* Project object */ = {
			isa = PBXProject;
			attributes = {
				LastSwiftUpdateCheck = 0710;
				LastUpgradeCheck = 0710;
				ORGANIZATIONNAME = "http://www.bjwxhl.com";
				TargetAttributes = {
					EAC3E35E1C32545900016167 = {
						CreatedOnToolsVersion = 7.1;
						LastSwiftMigration = 0810;
					};
				};
			};
			buildConfigurationList = EAC3E35A1C32545900016167 /* Build configuration list for PBXProject "UISliderControllerTest" */;
			compatibilityVersion = "Xcode 3.2";
			developmentRegion = English;
			hasScannedForEncodings = 0;
			knownRegions = (
				en,
				Base,
			);
			mainGroup = EAC3E3561C32545900016167;
			productRefGroup = EAC3E3601C32545900016167 /* Products */;
			projectDirPath = "";
			projectRoot = "";
			targets = (
				EAC3E35E1C32545900016167 /* UISliderControllerTest */,
			);
		};
/* End PBXProject section */

/* Begin PBXResourcesBuildPhase section */
		EAC3E35D1C32545900016167 /* Resources */ = {
			isa = PBXResourcesBuildPhase;
			buildActionMask = 2147483647;
			files = (
				EAC3E3761C3254D000016167 /* leftTrack.png in Resources */,
				EAC3E5461C34116C00016167 /* maximumTrackImage.png in Resources */,
				EAC3E36D1C32545900016167 /* LaunchScreen.storyboard in Resources */,
				EAC3E3791C3254E100016167 /* thumbImage.png in Resources */,
				EAC3E5471C34116C00016167 /* minimumTrackImage.png in Resources */,
				EAC3E3771C3254D000016167 /* rightTrack.png in Resources */,
				EAC3E36A1C32545900016167 /* Assets.xcassets in Resources */,
				EAC3E3681C32545900016167 /* Main.storyboard in Resources */,
			);
			runOnlyForDeploymentPostprocessing = 0;
		};
/* End PBXResourcesBuildPhase section */

/* Begin PBXSourcesBuildPhase section */
		EAC3E35B1C32545900016167 /* Sources */ = {
			isa = PBXSourcesBuildPhase;
			buildActionMask = 2147483647;
			files = (
				EAC3E3651C32545900016167 /* ViewController.swift in Sources */,
				EAC3E3631C32545900016167 /* AppDelegate.swift in Sources */,
			);
			runOnlyForDeploymentPostprocessing = 0;
		};
/* End PBXSourcesBuildPhase section */

/* Begin PBXVariantGroup section */
		EAC3E3661C32545900016167 /* Main.storyboard */ = {
			isa = PBXVariantGroup;
			children = (
				EAC3E3671C32545900016167 /* Base */,
			);
			name = Main.storyboard;
			sourceTree = "<group>";
		};
		EAC3E36B1C32545900016167 /* LaunchScreen.storyboard */ = {
			isa = PBXVariantGroup;
			children = (
				EAC3E36C1C32545900016167 /* Base */,
			);
			name = LaunchScreen.storyboard;
			sourceTree = "<group>";
		};
/* End PBXVariantGroup section */

/* Begin XCBuildConfiguration section */
		EAC3E36F1C32545900016167 /* Debug */ = {
			isa = XCBuildConfiguration;
			buildSettings = {
				ALWAYS_SEARCH_USER_PATHS = NO;
				CLANG_CXX_LANGUAGE_STANDARD = "gnu++0x";
				CLANG_CXX_LIBRARY = "libc++";
				CLANG_ENABLE_MODULES = YES;
				CLANG_ENABLE_OBJC_ARC = YES;
				CLANG_WARN_BOOL_CONVERSION = YES;
				CLANG_WARN_CONSTANT_CONVERSION = YES;
				CLANG_WARN_DIRECT_OBJC_ISA_USAGE = YES_ERROR;
				CLANG_WARN_EMPTY_BODY = YES;
				CLANG_WARN_ENUM_CONVERSION = YES;
				CLANG_WARN_INT_CONVERSION = YES;
				CLANG_WARN_OBJC_ROOT_CLASS = YES_ERROR;
				CLANG_WARN_UNREACHABLE_CODE = YES;
				CLANG_WARN__DUPLICATE_METHOD_MATCH = YES;
				"CODE_SIGN_IDENTITY[sdk=iphoneos*]" = "iPhone Developer";
				COPY_PHASE_STRIP = NO;
				DEBUG_INFORMATION_FORMAT = dwarf;
				ENABLE_STRICT_OBJC_MSGSEND = YES;
				ENABLE_TESTABILITY = YES;
				GCC_C_LANGUAGE_STANDARD = gnu99;
				GCC_DYNAMIC_NO_PIC = NO;
				GCC_NO_COMMON_BLOCKS = YES;
				GCC_OPTIMIZATION_LEVEL = 0;
				GCC_PREPROCESSOR_DEFINITIONS = (
					"DEBUG=1",
					"$(inherited)",
				);
				GCC_WARN_64_TO_32_BIT_CONVERSION = YES;
				GCC_WARN_ABOUT_RETURN_TYPE = YES_ERROR;
				GCC_WARN_UNDECLARED_SELECTOR = YES;
				GCC_WARN_UNINITIALIZED_AUTOS = YES_AGGRESSIVE;
				GCC_WARN_UNUSED_FUNCTION = YES;
				GCC_WARN_UNUSED_VARIABLE = YES;
				IPHONEOS_DEPLOYMENT_TARGET = 9.1;
				MTL_ENABLE_DEBUG_INFO = YES;
				ONLY_ACTIVE_ARCH = YES;
				SDKROOT = iphoneos;
				SWIFT_OPTIMIZATION_LEVEL = "-Onone";
			};
			name = Debug;
		};
		EAC3E3701C32545900016167 /* Release */ = {
			isa = XCBuildConfiguration;
			buildSettings = {
				ALWAYS_SEARCH_USER_PATHS = NO;
				CLANG_CXX_LANGUAGE_STANDARD = "gnu++0x";
				CLANG_CXX_LIBRARY = "libc++";
				CLANG_ENABLE_MODULES = YES;
				CLANG_ENABLE_OBJC_ARC = YES;
				CLANG_WARN_BOOL_CONVERSION = YES;
				CLANG_WARN_CONSTANT_CONVERSION = YES;
				CLANG_WARN_DIRECT_OBJC_ISA_USAGE = YES_ERROR;
				CLANG_WARN_EMPTY_BODY = YES;
				CLANG_WARN_ENUM_CONVERSION = YES;
				CLANG_WARN_INT_CONVERSION = YES;
				CLANG_WARN_OBJC_ROOT_CLASS = YES_ERROR;
				CLANG_WARN_UNREACHABLE_CODE = YES;
				CLANG_WARN__DUPLICATE_METHOD_MATCH = YES;
				"CODE_SIGN_IDENTITY[sdk=iphoneos*]" = "iPhone Developer";
				COPY_PHASE_STRIP = NO;
				DEBUG_INFORMATION_FORMAT = "dwarf-with-dsym";
				ENABLE_NS_ASSERTIONS = NO;
				ENABLE_STRICT_OBJC_MSGSEND = YES;
				GCC_C_LANGUAGE_STANDARD = gnu99;
				GCC_NO_COMMON_BLOCKS = YES;
				GCC_WARN_64_TO_32_BIT_CONVERSION = YES;
				GCC_WARN_ABOUT_RETURN_TYPE = YES_ERROR;
				GCC_WARN_UNDECLARED_SELECTOR = YES;
				GCC_WARN_UNINITIALIZED_AUTOS = YES_AGGRESSIVE;
				GCC_WARN_UNUSED_FUNCTION = YES;
				GCC_WARN_UNUSED_VARIABLE = YES;
				IPHONEOS_DEPLOYMENT_TARGET = 9.1;
				MTL_ENABLE_DEBUG_INFO = NO;
				SDKROOT = iphoneos;
				VALIDATE_PRODUCT = YES;
			};
			name = Release;
		};
		EAC3E3721C32545900016167 /* Debug */ = {
			isa = XCBuildConfiguration;
			buildSettings = {
				ASSETCATALOG_COMPILER_APPICON_NAME = AppIcon;
				INFOPLIST_FILE = UISliderControllerTest/Info.plist;
				LD_RUNPATH_SEARCH_PATHS = "$(inherited) @executable_path/Frameworks";
				PRODUCT_BUNDLE_IDENTIFIER = com.Lher.UISliderControllerTest;
				PRODUCT_NAME = "$(TARGET_NAME)";
				SWIFT_VERSION = 3.0;
			};
			name = Debug;
		};
		EAC3E3731C32545900016167 /* Release */ = {
			isa = XCBuildConfiguration;
			buildSettings = {
				ASSETCATALOG_COMPILER_APPICON_NAME = AppIcon;
				INFOPLIST_FILE = UISliderControllerTest/Info.plist;
				LD_RUNPATH_SEARCH_PATHS = "$(inherited) @executable_path/Frameworks";
				PRODUCT_BUNDLE_IDENTIFIER = com.Lher.UISliderControllerTest;
				PRODUCT_NAME = "$(TARGET_NAME)";
				SWIFT_VERSION = 3.0;
			};
			name = Release;
		};
/* End XCBuildConfiguration section */

/* Begin XCConfigurationList section */
		EAC3E35A1C32545900016167 /* Build configuration list for PBXProject "UISliderControllerTest" */ = {
			isa = XCConfigurationList;
			buildConfigurations = (
				EAC3E36F1C32545900016167 /* Debug */,
				EAC3E3701C32545900016167 /* Release */,
			);
			defaultConfigurationIsVisible = 0;
			defaultConfigurationName = Release;
		};
		EAC3E3711C32545900016167 /* Build configuration list for PBXNativeTarget "UISliderControllerTest" */ = {
			isa = XCConfigurationList;
			buildConfigurations = (
				EAC3E3721C32545900016167 /* Debug */,
				EAC3E3731C32545900016167 /* Release */,
			);
			defaultConfigurationIsVisible = 0;
			defaultConfigurationName = Release;
		};
/* End XCConfigurationList section */
	};
	rootObject = EAC3E3571C32545900016167 /* Project object */;
}
