// !$*UTF8*$!
{
	archiveVersion = 1;
	classes = {
	};
	objectVersion = 46;
	objects = {

/* Begin PBXBuildFile section */
		EAC3E31F1C3234E300016167 /* AppDelegate.swift in Sources */ = {isa = PBXBuildFile; fileRef = EAC3E31E1C3234E300016167 /* AppDelegate.swift */; };
		EAC3E3211C3234E300016167 /* ViewController.swift in Sources */ = {isa = PBXBuildFile; fileRef = EAC3E3201C3234E300016167 /* ViewController.swift */; };
		EAC3E3241C3234E300016167 /* Main.storyboard in Resources */ = {isa = PBXBuildFile; fileRef = EAC3E3221C3234E300016167 /* Main.storyboard */; };
		EAC3E3261C3234E300016167 /* Assets.xcassets in Resources */ = {isa = PBXBuildFile; fileRef = EAC3E3251C3234E300016167 /* Assets.xcassets */; };
		EAC3E3291C3234E300016167 /* LaunchScreen.storyboard in Resources */ = {isa = PBXBuildFile; fileRef = EAC3E3271C3234E300016167 /* LaunchScreen.storyboard */; };
/* End PBXBuildFile section */

/* Begin PBXFileReference section */
		EAC3E31B1C3234E300016167 /* UITextViewTest.app */ = {isa = PBXFileReference; explicitFileType = wrapper.application; includeInIndex = 0; path = UITextViewTest.app; sourceTree = BUILT_PRODUCTS_DIR; };
		EAC3E31E1C3234E300016167 /* AppDelegate.swift */ = {isa = PBXFileReference; lastKnownFileType = sourcecode.swift; path = AppDelegate.swift; sourceTree = "<group>"; };
		EAC3E3201C3234E300016167 /* ViewController.swift */ = {isa = PBXFileReference; lastKnownFileType = sourcecode.swift; path = ViewController.swift; sourceTree = "<group>"; };
		EAC3E3231C3234E300016167 /* Base */ = {isa = PBXFileReference; lastKnownFileType = file.storyboard; name = Base; path = Base.lproj/Main.storyboard; sourceTree = "<group>"; };
		EAC3E3251C3234E300016167 /* Assets.xcassets */ = {isa = PBXFileReference; lastKnownFileType = folder.assetcatalog; path = Assets.xcassets; sourceTree = "<group>"; };
		EAC3E3281C3234E300016167 /* Base */ = {isa = PBXFileReference; lastKnownFileType = file.storyboard; name = Base; path = Base.lproj/LaunchScreen.storyboard; sourceTree = "<group>"; };
		EAC3E32A1C3234E300016167 /* Info.plist */ = {isa = PBXFileReference; lastKnownFileType = text.plist.xml; path = Info.plist; sourceTree = "<group>"; };
/* End PBXFileReference section */

/* Begin PBXFrameworksBuildPhase section */
		EAC3E3181C3234E300016167 /* Frameworks */ = {
			isa = PBXFrameworksBuildPhase;
			buildActionMask = 2147483647;
			files = (
			);
			runOnlyForDeploymentPostprocessing = 0;
		};
/* End PBXFrameworksBuildPhase section */

/* Begin PBXGroup section */
		EAC3E3121C3234E300016167 = {
			isa = PBXGroup;
			children = (
				EAC3E31D1C3234E300016167 /* UITextViewTest */,
				EAC3E31C1C3234E300016167 /* Products */,
			);
			sourceTree = "<group>";
		};
		EAC3E31C1C3234E300016167 /* Products */ = {
			isa = PBXGroup;
			children = (
				EAC3E31B1C3234E300016167 /* UITextViewTest.app */,
			);
			name = Products;
			sourceTree = "<group>";
		};
		EAC3E31D1C3234E300016167 /* UITextViewTest */ = {
			isa = PBXGroup;
			children = (
				EAC3E31E1C3234E300016167 /* AppDelegate.swift */,
				EAC3E3201C3234E300016167 /* ViewController.swift */,
				EAC3E3221C3234E300016167 /* Main.storyboard */,
				EAC3E3251C3234E300016167 /* Assets.xcassets */,
				EAC3E3271C3234E300016167 /* LaunchScreen.storyboard */,
				EAC3E32A1C3234E300016167 /* Info.plist */,
			);
			path = UITextViewTest;
			sourceTree = "<group>";
		};
/* End PBXGroup section */

/* Begin PBXNativeTarget section */
		EAC3E31A1C3234E300016167 /* UITextViewTest */ = {
			isa = PBXNativeTarget;
			buildConfigurationList = EAC3E32D1C3234E300016167 /* Build configuration list for PBXNativeTarget "UITextViewTest" */;
			buildPhases = (
				EAC3E3171C3234E300016167 /* Sources */,
				EAC3E3181C3234E300016167 /* Frameworks */,
				EAC3E3191C3234E300016167 /* Resources */,
			);
			buildRules = (
			);
			dependencies = (
			);
			name = UITextViewTest;
			productName = UITextViewTest;
			productReference = EAC3E31B1C3234E300016167 /* UITextViewTest.app */;
			productType = "com.apple.product-type.application";
		};
/* End PBXNativeTarget section */

/* Begin PBXProject section */
		EAC3E3131C3234E300016167 /* Project object */ = {
			isa = PBXProject;
			attributes = {
				LastSwiftUpdateCheck = 0710;
				LastUpgradeCheck = 0710;
				ORGANIZATIONNAME = "http://www.bjwxhl.com";
				TargetAttributes = {
					EAC3E31A1C3234E300016167 = {
						CreatedOnToolsVersion = 7.1;
						LastSwiftMigration = 0810;
					};
				};
			};
			buildConfigurationList = EAC3E3161C3234E300016167 /* Build configuration list for PBXProject "UITextViewTest" */;
			compatibilityVersion = "Xcode 3.2";
			developmentRegion = English;
			hasScannedForEncodings = 0;
			knownRegions = (
				en,
				Base,
			);
			mainGroup = EAC3E3121C3234E300016167;
			productRefGroup = EAC3E31C1C3234E300016167 /* Products */;
			projectDirPath = "";
			projectRoot = "";
			targets = (
				EAC3E31A1C3234E300016167 /* UITextViewTest */,
			);
		};
/* End PBXProject section */

/* Begin PBXResourcesBuildPhase section */
		EAC3E3191C3234E300016167 /* Resources */ = {
			isa = PBXResourcesBuildPhase;
			buildActionMask = 2147483647;
			files = (
				EAC3E3291C3234E300016167 /* LaunchScreen.storyboard in Resources */,
				EAC3E3261C3234E300016167 /* Assets.xcassets in Resources */,
				EAC3E3241C3234E300016167 /* Main.storyboard in Resources */,
			);
			runOnlyForDeploymentPostprocessing = 0;
		};
/* End PBXResourcesBuildPhase section */

/* Begin PBXSourcesBuildPhase section */
		EAC3E3171C3234E300016167 /* Sources */ = {
			isa = PBXSourcesBuildPhase;
			buildActionMask = 2147483647;
			files = (
				EAC3E3211C3234E300016167 /* ViewController.swift in Sources */,
				EAC3E31F1C3234E300016167 /* AppDelegate.swift in Sources */,
			);
			runOnlyForDeploymentPostprocessing = 0;
		};
/* End PBXSourcesBuildPhase section */

/* Begin PBXVariantGroup section */
		EAC3E3221C3234E300016167 /* Main.storyboard */ = {
			isa = PBXVariantGroup;
			children = (
				EAC3E3231C3234E300016167 /* Base */,
			);
			name = Main.storyboard;
			sourceTree = "<group>";
		};
		EAC3E3271C3234E300016167 /* LaunchScreen.storyboard */ = {
			isa = PBXVariantGroup;
			children = (
				EAC3E3281C3234E300016167 /* Base */,
			);
			name = LaunchScreen.storyboard;
			sourceTree = "<group>";
		};
/* End PBXVariantGroup section */

/* Begin XCBuildConfiguration section */
		EAC3E32B1C3234E300016167 /* Debug */ = {
			isa = XCBuildConfiguration;
			buildSettings = {
				ALWAYS_SEARCH_USER_PATHS = NO;
				CLANG_CXX_LANGUAGE_STANDARD = "gnu++0x";
				CLANG_CXX_LIBRARY = "libc++";
				CLANG_ENABLE_MODULES = YES;
				CLANG_ENABLE_OBJC_ARC = YES;
				CLANG_WARN_BOOL_CONVERSION = YES;
				CLANG_WARN_CONSTANT_CONVERSION = YES;
				CLANG_WARN_DIRECT_OBJC_ISA_USAGE = YES_ERROR;
				CLANG_WARN_EMPTY_BODY = YES;
				CLANG_WARN_ENUM_CONVERSION = YES;
				CLANG_WARN_INT_CONVERSION = YES;
				CLANG_WARN_OBJC_ROOT_CLASS = YES_ERROR;
				CLANG_WARN_UNREACHABLE_CODE = YES;
				CLANG_WARN__DUPLICATE_METHOD_MATCH = YES;
				"CODE_SIGN_IDENTITY[sdk=iphoneos*]" = "iPhone Developer";
				COPY_PHASE_STRIP = NO;
				DEBUG_INFORMATION_FORMAT = dwarf;
				ENABLE_STRICT_OBJC_MSGSEND = YES;
				ENABLE_TESTABILITY = YES;
				GCC_C_LANGUAGE_STANDARD = gnu99;
				GCC_DYNAMIC_NO_PIC = NO;
				GCC_NO_COMMON_BLOCKS = YES;
				GCC_OPTIMIZATION_LEVEL = 0;
				GCC_PREPROCESSOR_DEFINITIONS = (
					"DEBUG=1",
					"$(inherited)",
				);
				GCC_WARN_64_TO_32_BIT_CONVERSION = YES;
				GCC_WARN_ABOUT_RETURN_TYPE = YES_ERROR;
				GCC_WARN_UNDECLARED_SELECTOR = YES;
				GCC_WARN_UNINITIALIZED_AUTOS = YES_AGGRESSIVE;
				GCC_WARN_UNUSED_FUNCTION = YES;
				GCC_WARN_UNUSED_VARIABLE = YES;
				IPHONEOS_DEPLOYMENT_TARGET = 9.1;
				MTL_ENABLE_DEBUG_INFO = YES;
				ONLY_ACTIVE_ARCH = YES;
				SDKROOT = iphoneos;
				SWIFT_OPTIMIZATION_LEVEL = "-Onone";
			};
			name = Debug;
		};
		EAC3E32C1C3234E300016167 /* Release */ = {
			isa = XCBuildConfiguration;
			buildSettings = {
				ALWAYS_SEARCH_USER_PATHS = NO;
				CLANG_CXX_LANGUAGE_STANDARD = "gnu++0x";
				CLANG_CXX_LIBRARY = "libc++";
				CLANG_ENABLE_MODULES = YES;
				CLANG_ENABLE_OBJC_ARC = YES;
				CLANG_WARN_BOOL_CONVERSION = YES;
				CLANG_WARN_CONSTANT_CONVERSION = YES;
				CLANG_WARN_DIRECT_OBJC_ISA_USAGE = YES_ERROR;
				CLANG_WARN_EMPTY_BODY = YES;
				CLANG_WARN_ENUM_CONVERSION = YES;
				CLANG_WARN_INT_CONVERSION = YES;
				CLANG_WARN_OBJC_ROOT_CLASS = YES_ERROR;
				CLANG_WARN_UNREACHABLE_CODE = YES;
				CLANG_WARN__DUPLICATE_METHOD_MATCH = YES;
				"CODE_SIGN_IDENTITY[sdk=iphoneos*]" = "iPhone Developer";
				COPY_PHASE_STRIP = NO;
				DEBUG_INFORMATION_FORMAT = "dwarf-with-dsym";
				ENABLE_NS_ASSERTIONS = NO;
				ENABLE_STRICT_OBJC_MSGSEND = YES;
				GCC_C_LANGUAGE_STANDARD = gnu99;
				GCC_NO_COMMON_BLOCKS = YES;
				GCC_WARN_64_TO_32_BIT_CONVERSION = YES;
				GCC_WARN_ABOUT_RETURN_TYPE = YES_ERROR;
				GCC_WARN_UNDECLARED_SELECTOR = YES;
				GCC_WARN_UNINITIALIZED_AUTOS = YES_AGGRESSIVE;
				GCC_WARN_UNUSED_FUNCTION = YES;
				GCC_WARN_UNUSED_VARIABLE = YES;
				IPHONEOS_DEPLOYMENT_TARGET = 9.1;
				MTL_ENABLE_DEBUG_INFO = NO;
				SDKROOT = iphoneos;
				VALIDATE_PRODUCT = YES;
			};
			name = Release;
		};
		EAC3E32E1C3234E300016167 /* Debug */ = {
			isa = XCBuildConfiguration;
			buildSettings = {
				ASSETCATALOG_COMPILER_APPICON_NAME = AppIcon;
				INFOPLIST_FILE = UITextViewTest/Info.plist;
				LD_RUNPATH_SEARCH_PATHS = "$(inherited) @executable_path/Frameworks";
				PRODUCT_BUNDLE_IDENTIFIER = com.Lher.UITextViewTest;
				PRODUCT_NAME = "$(TARGET_NAME)";
				SWIFT_VERSION = 3.0;
			};
			name = Debug;
		};
		EAC3E32F1C3234E300016167 /* Release */ = {
			isa = XCBuildConfiguration;
			buildSettings = {
				ASSETCATALOG_COMPILER_APPICON_NAME = AppIcon;
				INFOPLIST_FILE = UITextViewTest/Info.plist;
				LD_RUNPATH_SEARCH_PATHS = "$(inherited) @executable_path/Frameworks";
				PRODUCT_BUNDLE_IDENTIFIER = com.Lher.UITextViewTest;
				PRODUCT_NAME = "$(TARGET_NAME)";
				SWIFT_VERSION = 3.0;
			};
			name = Release;
		};
/* End XCBuildConfiguration section */

/* Begin XCConfigurationList section */
		EAC3E3161C3234E300016167 /* Build configuration list for PBXProject "UITextViewTest" */ = {
			isa = XCConfigurationList;
			buildConfigurations = (
				EAC3E32B1C3234E300016167 /* Debug */,
				EAC3E32C1C3234E300016167 /* Release */,
			);
			defaultConfigurationIsVisible = 0;
			defaultConfigurationName = Release;
		};
		EAC3E32D1C3234E300016167 /* Build configuration list for PBXNativeTarget "UITextViewTest" */ = {
			isa = XCConfigurationList;
			buildConfigurations = (
				EAC3E32E1C3234E300016167 /* Debug */,
				EAC3E32F1C3234E300016167 /* Release */,
			);
			defaultConfigurationIsVisible = 0;
			defaultConfigurationName = Release;
		};
/* End XCConfigurationList section */
	};
	rootObject = EAC3E3131C3234E300016167 /* Project object */;
}
